
Microsoft Visual Studio Solution File, Format Version 12.00
# Visual Studio 2013
VisualStudioVersion = 12.0.21005.1
MinimumVisualStudioVersion = 10.0.40219.1
Project("{FAE04EC0-301F-11D3-BF4B-00C04F79EFBC}") = "SimpleLogLibrary", "SimpleLogLibrary\SimpleLogLibrary.csproj", "{4E8F897D-49CD-457D-A8F9-5A43655ED5CC}"
EndProject
Project("{FAE04EC0-301F-11D3-BF4B-00C04F79EFBC}") = "TestSimpleLogLibrary", "TestSimpleLogLibrary\TestSimpleLogLibrary.csproj", "{B284A8C2-87EB-43FC-B12E-9C7F7AFAB04D}"
EndProject
Global
	GlobalSection(SolutionConfigurationPlatforms) = preSolution
		Debug|Any CPU = Debug|Any CPU
		Release|Any CPU = Release|Any CPU
	EndGlobalSection
	GlobalSection(ProjectConfigurationPlatforms) = postSolution
		{4E8F897D-49CD-457D-A8F9-5A43655ED5CC}.Debug|Any CPU.ActiveCfg = Debug|Any CPU
		{4E8F897D-49CD-457D-A8F9-5A43655ED5CC}.Debug|Any CPU.Build.0 = Debug|Any CPU
		{4E8F897D-49CD-457D-A8F9-5A43655ED5CC}.Release|Any CPU.ActiveCfg = Release|Any CPU
		{4E8F897D-49CD-457D-A8F9-5A43655ED5CC}.Release|Any CPU.Build.0 = Release|Any CPU
		{B284A8C2-87EB-43FC-B12E-9C7F7AFAB04D}.Debug|Any CPU.ActiveCfg = Debug|Any CPU
		{B284A8C2-87EB-43FC-B12E-9C7F7AFAB04D}.Debug|Any CPU.Build.0 = Debug|Any CPU
		{B284A8C2-87EB-43FC-B12E-9C7F7AFAB04D}.Release|Any CPU.ActiveCfg = Release|Any CPU
		{B284A8C2-87EB-43FC-B12E-9C7F7AFAB04D}.Release|Any CPU.Build.0 = Release|Any CPU
	EndGlobalSection
	GlobalSection(SolutionProperties) = preSolution
		HideSolutionNode = FALSE
	EndGlobalSection
EndGlobal
